
Microsoft Visual Studio Solution File, Format Version 12.00
# Visual Studio Express 2013 for Windows Desktop
VisualStudioVersion = 12.0.40629.0
MinimumVisualStudioVersion = 10.0.40219.1
Project("{FAE04EC0-301F-11D3-BF4B-00C04F79EFBC}") = "CopyDir", "CopyDir\CopyDir.csproj", "{C5F789DD-2C96-4B08-84A3-488F408E6C47}"
EndProject
Project("{FAE04EC0-301F-11D3-BF4B-00C04F79EFBC}") = "Sdx", "..\cs-sdx\Sdx\Sdx.csproj", "{ED186D94-5AB8-4707-B0A8-60FBD4237D2D}"
EndProject
Global
	GlobalSection(SolutionConfigurationPlatforms) = preSolution
		Debug|Any CPU = Debug|Any CPU
		Release|Any CPU = Release|Any CPU
	EndGlobalSection
	GlobalSection(ProjectConfigurationPlatforms) = postSolution
		{C5F789DD-2C96-4B08-84A3-488F408E6C47}.Debug|Any CPU.ActiveCfg = Debug|Any CPU
		{C5F789DD-2C96-4B08-84A3-488F408E6C47}.Debug|Any CPU.Build.0 = Debug|Any CPU
		{C5F789DD-2C96-4B08-84A3-488F408E6C47}.Release|Any CPU.ActiveCfg = Release|Any CPU
		{C5F789DD-2C96-4B08-84A3-488F408E6C47}.Release|Any CPU.Build.0 = Release|Any CPU
		{ED186D94-5AB8-4707-B0A8-60FBD4237D2D}.Debug|Any CPU.ActiveCfg = Debug|Any CPU
		{ED186D94-5AB8-4707-B0A8-60FBD4237D2D}.Debug|Any CPU.Build.0 = Debug|Any CPU
		{ED186D94-5AB8-4707-B0A8-60FBD4237D2D}.Release|Any CPU.ActiveCfg = Release|Any CPU
		{ED186D94-5AB8-4707-B0A8-60FBD4237D2D}.Release|Any CPU.Build.0 = Release|Any CPU
	EndGlobalSection
	GlobalSection(SolutionProperties) = preSolution
		HideSolutionNode = FALSE
	EndGlobalSection
EndGlobal
